
Microsoft Visual Studio Solution File, Format Version 12.00
Project("{FAE04EC0-301F-11D3-BF4B-00C04F79EFBC}") = "LinqSkipTakeBenchmark", "LinqSkipTakeBenchmark\LinqSkipTakeBenchmark.csproj", "{E6BFFD19-94FD-46A3-B1D8-E0C56C1FA0C3}"
EndProject
Global
	GlobalSection(SolutionConfigurationPlatforms) = preSolution
		Debug|Any CPU = Debug|Any CPU
		Release|Any CPU = Release|Any CPU
	EndGlobalSection
	GlobalSection(ProjectConfigurationPlatforms) = postSolution
		{E6BFFD19-94FD-46A3-B1D8-E0C56C1FA0C3}.Debug|Any CPU.ActiveCfg = Debug|Any CPU
		{E6BFFD19-94FD-46A3-B1D8-E0C56C1FA0C3}.Debug|Any CPU.Build.0 = Debug|Any CPU
		{E6BFFD19-94FD-46A3-B1D8-E0C56C1FA0C3}.Release|Any CPU.ActiveCfg = Release|Any CPU
		{E6BFFD19-94FD-46A3-B1D8-E0C56C1FA0C3}.Release|Any CPU.Build.0 = Release|Any CPU
	EndGlobalSection
EndGlobal
